
Microsoft Visual Studio Solution File, Format Version 12.00
# Visual Studio Version 16
VisualStudioVersion = 16.0.29123.88
MinimumVisualStudioVersion = 10.0.40219.1
Project("{FAE04EC0-301F-11D3-BF4B-00C04F79EFBC}") = "EducationApp.PresentationLayer", "EducationApp.PresentationLayer\EducationApp.PresentationLayer.csproj", "{64D10EAF-B461-407F-8C46-DFF9F916326F}"
EndProject
Project("{FAE04EC0-301F-11D3-BF4B-00C04F79EFBC}") = "EducationApp.DataAccessLayer", "EducationApp.DataAccessLayer\EducationApp.DataAccessLayer.csproj", "{9DA835CA-2B1B-46BE-B023-20F054D3579D}"
EndProject
Project("{FAE04EC0-301F-11D3-BF4B-00C04F79EFBC}") = "EducationApp.BusinessLogicLayer", "EducationApp.BusinessLogicLayer\EducationApp.BusinessLogicLayer.csproj", "{45ADE590-B13C-4C7E-B317-B92460424CB7}"
EndProject
Global
	GlobalSection(SolutionConfigurationPlatforms) = preSolution
		Debug|Any CPU = Debug|Any CPU
		Release|Any CPU = Release|Any CPU
	EndGlobalSection
	GlobalSection(ProjectConfigurationPlatforms) = postSolution
		{64D10EAF-B461-407F-8C46-DFF9F916326F}.Debug|Any CPU.ActiveCfg = Debug|Any CPU
		{64D10EAF-B461-407F-8C46-DFF9F916326F}.Debug|Any CPU.Build.0 = Debug|Any CPU
		{64D10EAF-B461-407F-8C46-DFF9F916326F}.Release|Any CPU.ActiveCfg = Release|Any CPU
		{64D10EAF-B461-407F-8C46-DFF9F916326F}.Release|Any CPU.Build.0 = Release|Any CPU
		{9DA835CA-2B1B-46BE-B023-20F054D3579D}.Debug|Any CPU.ActiveCfg = Debug|Any CPU
		{9DA835CA-2B1B-46BE-B023-20F054D3579D}.Debug|Any CPU.Build.0 = Debug|Any CPU
		{9DA835CA-2B1B-46BE-B023-20F054D3579D}.Release|Any CPU.ActiveCfg = Release|Any CPU
		{9DA835CA-2B1B-46BE-B023-20F054D3579D}.Release|Any CPU.Build.0 = Release|Any CPU
		{45ADE590-B13C-4C7E-B317-B92460424CB7}.Debug|Any CPU.ActiveCfg = Debug|Any CPU
		{45ADE590-B13C-4C7E-B317-B92460424CB7}.Debug|Any CPU.Build.0 = Debug|Any CPU
		{45ADE590-B13C-4C7E-B317-B92460424CB7}.Release|Any CPU.ActiveCfg = Release|Any CPU
		{45ADE590-B13C-4C7E-B317-B92460424CB7}.Release|Any CPU.Build.0 = Release|Any CPU
	EndGlobalSection
	GlobalSection(SolutionProperties) = preSolution
		HideSolutionNode = FALSE
	EndGlobalSection
	GlobalSection(ExtensibilityGlobals) = postSolution
		SolutionGuid = {4CC36E96-4528-4E17-8C94-6D0D8EE2D9FC}
	EndGlobalSection
EndGlobal
